
Microsoft Visual Studio Solution File, Format Version 12.00
Project("{FAE04EC0-301F-11D3-BF4B-00C04F79EFBC}") = "ClassLibrary1", "ClassLibrary1\ClassLibrary1.csproj", "{EBF00DAD-6AC4-43C2-926B-005A7882C964}"
EndProject
Project("{FAE04EC0-301F-11D3-BF4B-00C04F79EFBC}") = "ClassLibrary2", "ClassLibrary2\ClassLibrary2.csproj", "{397C3E0A-3018-4D3A-B813-A73A71C68A1E}"
EndProject
Global
	GlobalSection(SolutionConfigurationPlatforms) = preSolution
		Debug|Any CPU = Debug|Any CPU
		Release|Any CPU = Release|Any CPU
	EndGlobalSection
	GlobalSection(ProjectConfigurationPlatforms) = postSolution
		{EBF00DAD-6AC4-43C2-926B-005A7882C964}.Debug|Any CPU.ActiveCfg = Debug|Any CPU
		{EBF00DAD-6AC4-43C2-926B-005A7882C964}.Debug|Any CPU.Build.0 = Debug|Any CPU
		{EBF00DAD-6AC4-43C2-926B-005A7882C964}.Release|Any CPU.ActiveCfg = Release|Any CPU
		{EBF00DAD-6AC4-43C2-926B-005A7882C964}.Release|Any CPU.Build.0 = Release|Any CPU
		{397C3E0A-3018-4D3A-B813-A73A71C68A1E}.Debug|Any CPU.ActiveCfg = Debug|Any CPU
		{397C3E0A-3018-4D3A-B813-A73A71C68A1E}.Debug|Any CPU.Build.0 = Debug|Any CPU
		{397C3E0A-3018-4D3A-B813-A73A71C68A1E}.Release|Any CPU.ActiveCfg = Release|Any CPU
		{397C3E0A-3018-4D3A-B813-A73A71C68A1E}.Release|Any CPU.Build.0 = Release|Any CPU
	EndGlobalSection
EndGlobal
